
Microsoft Visual Studio Solution File, Format Version 12.00
# Visual Studio Version 17
VisualStudioVersion = 17.12.35707.178 d17.12
MinimumVisualStudioVersion = 10.0.40219.1
Project("{FAE04EC0-301F-11D3-BF4B-00C04F79EFBC}") = "pr1_vnedrenit", "pr1_vnedrenit\pr1_vnedrenit.csproj", "{F2B66887-BD4A-4734-A4D3-DD254F5AE792}"
EndProject
Global
	GlobalSection(SolutionConfigurationPlatforms) = preSolution
		Debug|Any CPU = Debug|Any CPU
		Release|Any CPU = Release|Any CPU
	EndGlobalSection
	GlobalSection(ProjectConfigurationPlatforms) = postSolution
		{F2B66887-BD4A-4734-A4D3-DD254F5AE792}.Debug|Any CPU.ActiveCfg = Debug|Any CPU
		{F2B66887-BD4A-4734-A4D3-DD254F5AE792}.Debug|Any CPU.Build.0 = Debug|Any CPU
		{F2B66887-BD4A-4734-A4D3-DD254F5AE792}.Release|Any CPU.ActiveCfg = Release|Any CPU
		{F2B66887-BD4A-4734-A4D3-DD254F5AE792}.Release|Any CPU.Build.0 = Release|Any CPU
	EndGlobalSection
	GlobalSection(SolutionProperties) = preSolution
		HideSolutionNode = FALSE
	EndGlobalSection
EndGlobal
